{
  "originHash" : "d232c85b5a3407a15049fedcc4685772d0cc74496d09143fe9bc202e53075c49",
  "pins" : [
    {
      "identity" : "swift-issue-reporting",
      "kind" : "remoteSourceControl",
      "location" : "https://github.com/pointfreeco/swift-issue-reporting",
      "state" : {
        "revision" : "71c7c9a761d1ca6ed4ccb6ced040fe1c1a39e8e7",
        "version" : "2.1.0"
      }
    }
  ],
  "version" : 3
}
