{
  "originHash" : "b8074a296a58bd0e3a7e2a4bec81624e2dfa3114663fceb0c68d7abb02c67c32",
  "pins" : [
    {
      "identity" : "xctest-dynamic-overlay",
      "kind" : "remoteSourceControl",
      "location" : "https://github.com/pointfreeco/xctest-dynamic-overlay",
      "state" : {
        "branch" : "xcode-26-fix",
        "revision" : "8f50fd37682807c9fa193340dc477f3b8c76291b"
      }
    }
  ],
  "version" : 3
}
