{
  "originHash" : "9ef6797863d6110cfaf0d1856dcdebbe3e8e69e925ccd5a5022357453035b5c6",
  "pins" : [
    {
      "identity" : "xctest-dynamic-overlay",
      "kind" : "remoteSourceControl",
      "location" : "https://github.com/pointfreeco/xctest-dynamic-overlay",
      "state" : {
        "branch" : "swift-testing",
        "revision" : "4903760159c5a0e9fb82f1be10594d89e3cde485"
      }
    }
  ],
  "version" : 3
}
