{
  "originHash" : "744c62d1998a87c266f9de2bada2100ebe2b1103276ee81128185f9e0c37e302",
  "pins" : [
    {
      "identity" : "xctest-dynamic-overlay",
      "kind" : "remoteSourceControl",
      "location" : "https://github.com/pointfreeco/xctest-dynamic-overlay",
      "state" : {
        "branch" : "swift-testing",
        "revision" : "6d8747bca288a4d2e9ba3a6d7d7908975ee725f6"
      }
    }
  ],
  "version" : 3
}
