{
  "pins" : [
    {
      "identity" : "xctest-dynamic-overlay",
      "kind" : "remoteSourceControl",
      "location" : "https://github.com/pointfreeco/xctest-dynamic-overlay",
      "state" : {
        "branch" : "swift-testing",
        "revision" : "116d8f8bd3a56a418e88c8438c6114c2236a33ab"
      }
    }
  ],
  "version" : 2
}
